// !$*UTF8*$!
{
	archiveVersion = 1;
	classes = {
	};
	objectVersion = 77;
	objects = {

/* Begin PBXBuildFile section */
		CC2000000000000000000040 /* ArgumentParser in Frameworks */ = {isa = PBXBuildFile; productRef = CC2000000000000000000041 /* ArgumentParser */; };
/* End PBXBuildFile section */

/* Begin PBXContainerItemProxy section */
		CC1000000000000000000020 /* PBXContainerItemProxy */ = {
			isa = PBXContainerItemProxy;
			containerPortal = 50713A3C301FB35F00394FF6 /* Project object */;
			proxyType = 1;
			remoteGlobalIDString = CC1000000000000000000010;
			remoteInfo = CocoaInspectord;
		};
		CC2000000000000000000020 /* PBXContainerItemProxy */ = {
			isa = PBXContainerItemProxy;
			containerPortal = 50713A3C301FB35F00394FF6 /* Project object */;
			proxyType = 1;
			remoteGlobalIDString = CC2000000000000000000010;
			remoteInfo = CocoaInspectorCLI;
		};
/* End PBXContainerItemProxy section */

/* Begin PBXFileReference section */
		50713A44301FB35F00394FF6 /* Inspector.app */ = {isa = PBXFileReference; explicitFileType = wrapper.application; includeInIndex = 0; path = Inspector.app; sourceTree = BUILT_PRODUCTS_DIR; };
		CC1000000000000000000001 /* cocoainspectord */ = {isa = PBXFileReference; explicitFileType = "compiled.mach-o.executable"; includeInIndex = 0; path = cocoainspectord; sourceTree = BUILT_PRODUCTS_DIR; };
		CC2000000000000000000001 /* cocoainspector */ = {isa = PBXFileReference; explicitFileType = "compiled.mach-o.executable"; includeInIndex = 0; path = cocoainspector; sourceTree = BUILT_PRODUCTS_DIR; };
/* End PBXFileReference section */

/* Begin PBXFileSystemSynchronizedRootGroup section */
		CC3000000000000000000001 /* Configuration */ = {
			isa = PBXFileSystemSynchronizedRootGroup;
			path = Configuration;
			sourceTree = "<group>";
		};
		50713A46301FB35F00394FF6 /* Inspector */ = {
			isa = PBXFileSystemSynchronizedRootGroup;
			path = Inspector;
			sourceTree = "<group>";
		};
		CC1000000000000000000002 /* Shared */ = {
			isa = PBXFileSystemSynchronizedRootGroup;
			path = Shared;
			sourceTree = "<group>";
		};
		CC1000000000000000000003 /* CocoaInspectord */ = {
			isa = PBXFileSystemSynchronizedRootGroup;
			path = CocoaInspectord;
			sourceTree = "<group>";
		};
		CC2000000000000000000002 /* CocoaInspectorCLI */ = {
			isa = PBXFileSystemSynchronizedRootGroup;
			path = CocoaInspectorCLI;
			sourceTree = "<group>";
		};
		CC2000000000000000000003 /* InspectorClient */ = {
			isa = PBXFileSystemSynchronizedRootGroup;
			path = InspectorClient;
			sourceTree = "<group>";
		};
/* End PBXFileSystemSynchronizedRootGroup section */

/* Begin PBXFrameworksBuildPhase section */
		50713A41301FB35F00394FF6 /* Frameworks */ = {
			isa = PBXFrameworksBuildPhase;
			files = (
			);
		};
		CC1000000000000000000012 /* Frameworks */ = {
			isa = PBXFrameworksBuildPhase;
			files = (
			);
		};
		CC2000000000000000000012 /* Frameworks */ = {
			isa = PBXFrameworksBuildPhase;
			files = (
				CC2000000000000000000040 /* ArgumentParser in Frameworks */,
			);
		};
/* End PBXFrameworksBuildPhase section */

/* Begin PBXGroup section */
		50713A3B301FB35F00394FF6 = {
			isa = PBXGroup;
			children = (
				CC3000000000000000000001 /* Configuration */,
				50713A46301FB35F00394FF6 /* Inspector */,
				CC1000000000000000000002 /* Shared */,
				CC2000000000000000000003 /* InspectorClient */,
				CC1000000000000000000003 /* CocoaInspectord */,
				CC2000000000000000000002 /* CocoaInspectorCLI */,
				50713A45301FB35F00394FF6 /* Products */,
			);
			sourceTree = "<group>";
		};
		50713A45301FB35F00394FF6 /* Products */ = {
			isa = PBXGroup;
			children = (
				50713A44301FB35F00394FF6 /* Inspector.app */,
				CC1000000000000000000001 /* cocoainspectord */,
				CC2000000000000000000001 /* cocoainspector */,
			);
			name = Products;
			sourceTree = "<group>";
		};
/* End PBXGroup section */

/* Begin PBXNativeTarget section */
		50713A43301FB35F00394FF6 /* Inspector */ = {
			isa = PBXNativeTarget;
			buildConfigurationList = 50713A4F301FB36000394FF6 /* Build configuration list for PBXNativeTarget "Inspector" */;
			buildPhases = (
				50713A40301FB35F00394FF6 /* Sources */,
				50713A41301FB35F00394FF6 /* Frameworks */,
				50713A42301FB35F00394FF6 /* Resources */,
			);
			buildRules = (
			);
			dependencies = (
				CC1000000000000000000021 /* PBXTargetDependency */,
				CC2000000000000000000021 /* PBXTargetDependency */,
			);
			fileSystemSynchronizedGroups = (
				50713A46301FB35F00394FF6 /* Inspector */,
				CC1000000000000000000002 /* Shared */,
				CC2000000000000000000003 /* InspectorClient */,
			);
			name = Inspector;
			productName = Inspector;
			productReference = 50713A44301FB35F00394FF6 /* Inspector.app */;
			productType = "com.apple.product-type.application";
		};
		CC1000000000000000000010 /* CocoaInspectord */ = {
			isa = PBXNativeTarget;
			buildConfigurationList = CC1000000000000000000030 /* Build configuration list for PBXNativeTarget "CocoaInspectord" */;
			buildPhases = (
				CC1000000000000000000011 /* Sources */,
				CC1000000000000000000012 /* Frameworks */,
			);
			buildRules = (
			);
			fileSystemSynchronizedGroups = (
				CC1000000000000000000002 /* Shared */,
				CC1000000000000000000003 /* CocoaInspectord */,
			);
			name = CocoaInspectord;
			productName = cocoainspectord;
			productReference = CC1000000000000000000001 /* cocoainspectord */;
			productType = "com.apple.product-type.tool";
		};
		CC2000000000000000000010 /* CocoaInspectorCLI */ = {
			isa = PBXNativeTarget;
			buildConfigurationList = CC2000000000000000000030 /* Build configuration list for PBXNativeTarget "CocoaInspectorCLI" */;
			buildPhases = (
				CC2000000000000000000011 /* Sources */,
				CC2000000000000000000012 /* Frameworks */,
			);
			buildRules = (
			);
			fileSystemSynchronizedGroups = (
				CC1000000000000000000002 /* Shared */,
				CC2000000000000000000002 /* CocoaInspectorCLI */,
				CC2000000000000000000003 /* InspectorClient */,
			);
			name = CocoaInspectorCLI;
			packageProductDependencies = (
				CC2000000000000000000041 /* ArgumentParser */,
			);
			productName = cocoainspector;
			productReference = CC2000000000000000000001 /* cocoainspector */;
			productType = "com.apple.product-type.tool";
		};
/* End PBXNativeTarget section */

/* Begin PBXProject section */
		50713A3C301FB35F00394FF6 /* Project object */ = {
			isa = PBXProject;
			attributes = {
				BuildIndependentTargetsInParallel = 1;
				LastSwiftUpdateCheck = 2700;
				LastUpgradeCheck = 2700;
				TargetAttributes = {
					50713A43301FB35F00394FF6 = {
						CreatedOnToolsVersion = 27.0;
					};
					CC1000000000000000000010 = {
						CreatedOnToolsVersion = 27.0;
					};
					CC2000000000000000000010 = {
						CreatedOnToolsVersion = 27.0;
					};
				};
			};
			buildConfigurationList = 50713A3F301FB35F00394FF6 /* Build configuration list for PBXProject "Inspector" */;
			developmentRegion = en;
			hasScannedForEncodings = 0;
			knownRegions = (
				en,
				Base,
				ar,
				de,
				es,
				fr,
				ja,
				ru,
				"zh-Hans",
			);
			mainGroup = 50713A3B301FB35F00394FF6;
			minimizedProjectReferenceProxies = 1;
			packageReferences = (
				CC2000000000000000000042 /* XCRemoteSwiftPackageReference "swift-argument-parser" */,
			);
			preferredProjectObjectVersion = 77;
			productRefGroup = 50713A45301FB35F00394FF6 /* Products */;
			projectDirPath = "";
			projectRoot = "";
			targets = (
				50713A43301FB35F00394FF6 /* Inspector */,
				CC1000000000000000000010 /* CocoaInspectord */,
				CC2000000000000000000010 /* CocoaInspectorCLI */,
			);
		};
/* End PBXProject section */

/* Begin PBXResourcesBuildPhase section */
		50713A42301FB35F00394FF6 /* Resources */ = {
			isa = PBXResourcesBuildPhase;
			files = (
			);
		};
/* End PBXResourcesBuildPhase section */

/* Begin PBXSourcesBuildPhase section */
		50713A40301FB35F00394FF6 /* Sources */ = {
			isa = PBXSourcesBuildPhase;
			files = (
			);
		};
		CC1000000000000000000011 /* Sources */ = {
			isa = PBXSourcesBuildPhase;
			files = (
			);
		};
		CC2000000000000000000011 /* Sources */ = {
			isa = PBXSourcesBuildPhase;
			files = (
			);
		};
/* End PBXSourcesBuildPhase section */

/* Begin PBXTargetDependency section */
		CC1000000000000000000021 /* PBXTargetDependency */ = {
			isa = PBXTargetDependency;
			target = CC1000000000000000000010 /* CocoaInspectord */;
			targetProxy = CC1000000000000000000020 /* PBXContainerItemProxy */;
		};
		CC2000000000000000000021 /* PBXTargetDependency */ = {
			isa = PBXTargetDependency;
			target = CC2000000000000000000010 /* CocoaInspectorCLI */;
			targetProxy = CC2000000000000000000020 /* PBXContainerItemProxy */;
		};
/* End PBXTargetDependency section */

/* Begin XCBuildConfiguration section */
		50713A4D301FB36000394FF6 /* Debug configuration for PBXProject "Inspector" */ = {
			isa = XCBuildConfiguration;
			baseConfigurationReferenceAnchor = CC3000000000000000000001 /* Configuration */;
			baseConfigurationReferenceRelativePath = Development.xcconfig;
			buildSettings = {
				ALWAYS_SEARCH_USER_PATHS = NO;
				ASSETCATALOG_COMPILER_GENERATE_SWIFT_ASSET_SYMBOL_EXTENSIONS = YES;
				CLANG_ANALYZER_LOCALIZABILITY_NONLOCALIZED = YES;
				CLANG_ANALYZER_NONNULL = YES;
				CLANG_ANALYZER_NUMBER_OBJECT_CONVERSION = YES_AGGRESSIVE;
				CLANG_CXX_LANGUAGE_STANDARD = "gnu++20";
				CLANG_ENABLE_MODULES = YES;
				CLANG_ENABLE_OBJC_ARC = YES;
				CLANG_ENABLE_OBJC_WEAK = YES;
				CLANG_WARN_BLOCK_CAPTURE_AUTORELEASING = YES;
				CLANG_WARN_BOOL_CONVERSION = YES;
				CLANG_WARN_COMMA = YES;
				CLANG_WARN_CONSTANT_CONVERSION = YES;
				CLANG_WARN_DEPRECATED_OBJC_IMPLEMENTATIONS = YES;
				CLANG_WARN_DIRECT_OBJC_ISA_USAGE = YES_ERROR;
				CLANG_WARN_DOCUMENTATION_COMMENTS = YES;
				CLANG_WARN_EMPTY_BODY = YES;
				CLANG_WARN_ENUM_CONVERSION = YES;
				CLANG_WARN_INFINITE_RECURSION = YES;
				CLANG_WARN_INT_CONVERSION = YES;
				CLANG_WARN_NON_LITERAL_NULL_CONVERSION = YES;
				CLANG_WARN_OBJC_IMPLICIT_RETAIN_SELF = YES;
				CLANG_WARN_OBJC_LITERAL_CONVERSION = YES;
				CLANG_WARN_OBJC_ROOT_CLASS = YES_ERROR;
				CLANG_WARN_QUOTED_INCLUDE_IN_FRAMEWORK_HEADER = YES;
				CLANG_WARN_STRICT_PROTOTYPES = YES;
				CLANG_WARN_SUSPICIOUS_MOVE = YES;
				CLANG_WARN_UNGUARDED_AVAILABILITY = YES_AGGRESSIVE;
				CLANG_WARN_UNREACHABLE_CODE = YES;
				CLANG_WARN__DUPLICATE_METHOD_MATCH = YES;
				COPY_PHASE_STRIP = NO;
				DEBUG_INFORMATION_FORMAT = dwarf;
				ENABLE_STRICT_OBJC_MSGSEND = YES;
				ENABLE_TESTABILITY = YES;
				ENABLE_USER_SCRIPT_SANDBOXING = YES;
				GCC_C_LANGUAGE_STANDARD = gnu17;
				GCC_DYNAMIC_NO_PIC = NO;
				GCC_NO_COMMON_BLOCKS = YES;
				GCC_OPTIMIZATION_LEVEL = 0;
				GCC_PREPROCESSOR_DEFINITIONS = (
					"DEBUG=1",
					"$(inherited)",
				);
				GCC_WARN_64_TO_32_BIT_CONVERSION = YES;
				GCC_WARN_ABOUT_RETURN_TYPE = YES_ERROR;
				GCC_WARN_UNDECLARED_SELECTOR = YES;
				GCC_WARN_UNINITIALIZED_AUTOS = YES_AGGRESSIVE;
				GCC_WARN_UNUSED_FUNCTION = YES;
				GCC_WARN_UNUSED_VARIABLE = YES;
				LOCALIZATION_PREFERS_STRING_CATALOGS = YES;
				MTL_ENABLE_DEBUG_INFO = INCLUDE_SOURCE;
				MTL_FAST_MATH = YES;
				ONLY_ACTIVE_ARCH = YES;
				SDKROOT = iphoneos;
				SWIFT_ACTIVE_COMPILATION_CONDITIONS = "DEBUG $(inherited)";
				SWIFT_EMIT_LOC_STRINGS = YES;
				SWIFT_OPTIMIZATION_LEVEL = "-Onone";
			};
			name = Debug;
		};
		50713A4E301FB36000394FF6 /* Release configuration for PBXProject "Inspector" */ = {
			isa = XCBuildConfiguration;
			baseConfigurationReferenceAnchor = CC3000000000000000000001 /* Configuration */;
			baseConfigurationReferenceRelativePath = Release.xcconfig;
			buildSettings = {
				ALWAYS_SEARCH_USER_PATHS = NO;
				ASSETCATALOG_COMPILER_GENERATE_SWIFT_ASSET_SYMBOL_EXTENSIONS = YES;
				CLANG_ANALYZER_LOCALIZABILITY_NONLOCALIZED = YES;
				CLANG_ANALYZER_NONNULL = YES;
				CLANG_ANALYZER_NUMBER_OBJECT_CONVERSION = YES_AGGRESSIVE;
				CLANG_CXX_LANGUAGE_STANDARD = "gnu++20";
				CLANG_ENABLE_MODULES = YES;
				CLANG_ENABLE_OBJC_ARC = YES;
				CLANG_ENABLE_OBJC_WEAK = YES;
				CLANG_WARN_BLOCK_CAPTURE_AUTORELEASING = YES;
				CLANG_WARN_BOOL_CONVERSION = YES;
				CLANG_WARN_COMMA = YES;
				CLANG_WARN_CONSTANT_CONVERSION = YES;
				CLANG_WARN_DEPRECATED_OBJC_IMPLEMENTATIONS = YES;
				CLANG_WARN_DIRECT_OBJC_ISA_USAGE = YES_ERROR;
				CLANG_WARN_DOCUMENTATION_COMMENTS = YES;
				CLANG_WARN_EMPTY_BODY = YES;
				CLANG_WARN_ENUM_CONVERSION = YES;
				CLANG_WARN_INFINITE_RECURSION = YES;
				CLANG_WARN_INT_CONVERSION = YES;
				CLANG_WARN_NON_LITERAL_NULL_CONVERSION = YES;
				CLANG_WARN_OBJC_IMPLICIT_RETAIN_SELF = YES;
				CLANG_WARN_OBJC_LITERAL_CONVERSION = YES;
				CLANG_WARN_OBJC_ROOT_CLASS = YES_ERROR;
				CLANG_WARN_QUOTED_INCLUDE_IN_FRAMEWORK_HEADER = YES;
				CLANG_WARN_STRICT_PROTOTYPES = YES;
				CLANG_WARN_SUSPICIOUS_MOVE = YES;
				CLANG_WARN_UNGUARDED_AVAILABILITY = YES_AGGRESSIVE;
				CLANG_WARN_UNREACHABLE_CODE = YES;
				CLANG_WARN__DUPLICATE_METHOD_MATCH = YES;
				COPY_PHASE_STRIP = NO;
				DEBUG_INFORMATION_FORMAT = "dwarf-with-dsym";
				ENABLE_NS_ASSERTIONS = NO;
				ENABLE_STRICT_OBJC_MSGSEND = YES;
				ENABLE_USER_SCRIPT_SANDBOXING = YES;
				GCC_C_LANGUAGE_STANDARD = gnu17;
				GCC_NO_COMMON_BLOCKS = YES;
				GCC_WARN_64_TO_32_BIT_CONVERSION = YES;
				GCC_WARN_ABOUT_RETURN_TYPE = YES_ERROR;
				GCC_WARN_UNDECLARED_SELECTOR = YES;
				GCC_WARN_UNINITIALIZED_AUTOS = YES_AGGRESSIVE;
				GCC_WARN_UNUSED_FUNCTION = YES;
				GCC_WARN_UNUSED_VARIABLE = YES;
				LOCALIZATION_PREFERS_STRING_CATALOGS = YES;
				MTL_ENABLE_DEBUG_INFO = NO;
				MTL_FAST_MATH = YES;
				SDKROOT = iphoneos;
				SWIFT_COMPILATION_MODE = wholemodule;
				SWIFT_EMIT_LOC_STRINGS = YES;
				VALIDATE_PRODUCT = YES;
			};
			name = Release;
		};
		50713A50301FB36000394FF6 /* Debug configuration for PBXNativeTarget "Inspector" */ = {
			isa = XCBuildConfiguration;
			buildSettings = {
				ASSETCATALOG_COMPILER_APPICON_NAME = AppIcon;
				ASSETCATALOG_COMPILER_GLOBAL_ACCENT_COLOR_NAME = AccentColor;
				CODE_SIGN_STYLE = Automatic;
				ENABLE_PREVIEWS = YES;
				GENERATE_INFOPLIST_FILE = YES;
				INFOPLIST_KEY_UIApplicationSceneManifest_Generation = YES;
				INFOPLIST_KEY_UIApplicationSupportsIndirectInputEvents = YES;
				INFOPLIST_KEY_UILaunchScreen_Generation = YES;
				INFOPLIST_KEY_UISupportedInterfaceOrientations_iPad = "UIInterfaceOrientationPortrait UIInterfaceOrientationPortraitUpsideDown UIInterfaceOrientationLandscapeLeft UIInterfaceOrientationLandscapeRight";
				INFOPLIST_KEY_UISupportedInterfaceOrientations_iPhone = "UIInterfaceOrientationPortrait UIInterfaceOrientationLandscapeLeft UIInterfaceOrientationLandscapeRight";
				LD_RUNPATH_SEARCH_PATHS = (
					"$(inherited)",
					"@executable_path/Frameworks",
				);
				PRODUCT_BUNDLE_IDENTIFIER = wiki.qaq.Inspector;
				PRODUCT_NAME = "$(TARGET_NAME)";
				STRING_CATALOG_GENERATE_SYMBOLS = YES;
				SWIFT_APPROACHABLE_CONCURRENCY = YES;
				SWIFT_DEFAULT_ACTOR_ISOLATION = nonisolated;
				SWIFT_EMIT_LOC_STRINGS = YES;
				SWIFT_UPCOMING_FEATURE_MEMBER_IMPORT_VISIBILITY = YES;
				SWIFT_VERSION = 5.0;
				TARGETED_DEVICE_FAMILY = "1,2";
			};
			name = Debug;
		};
		50713A51301FB36000394FF6 /* Release configuration for PBXNativeTarget "Inspector" */ = {
			isa = XCBuildConfiguration;
			buildSettings = {
				ASSETCATALOG_COMPILER_APPICON_NAME = AppIcon;
				ASSETCATALOG_COMPILER_GLOBAL_ACCENT_COLOR_NAME = AccentColor;
				CODE_SIGN_STYLE = Automatic;
				ENABLE_PREVIEWS = YES;
				GENERATE_INFOPLIST_FILE = YES;
				INFOPLIST_KEY_UIApplicationSceneManifest_Generation = YES;
				INFOPLIST_KEY_UIApplicationSupportsIndirectInputEvents = YES;
				INFOPLIST_KEY_UILaunchScreen_Generation = YES;
				INFOPLIST_KEY_UISupportedInterfaceOrientations_iPad = "UIInterfaceOrientationPortrait UIInterfaceOrientationPortraitUpsideDown UIInterfaceOrientationLandscapeLeft UIInterfaceOrientationLandscapeRight";
				INFOPLIST_KEY_UISupportedInterfaceOrientations_iPhone = "UIInterfaceOrientationPortrait UIInterfaceOrientationLandscapeLeft UIInterfaceOrientationLandscapeRight";
				LD_RUNPATH_SEARCH_PATHS = (
					"$(inherited)",
					"@executable_path/Frameworks",
				);
				PRODUCT_BUNDLE_IDENTIFIER = wiki.qaq.Inspector;
				PRODUCT_NAME = "$(TARGET_NAME)";
				STRING_CATALOG_GENERATE_SYMBOLS = YES;
				SWIFT_APPROACHABLE_CONCURRENCY = YES;
				SWIFT_DEFAULT_ACTOR_ISOLATION = nonisolated;
				SWIFT_EMIT_LOC_STRINGS = YES;
				SWIFT_UPCOMING_FEATURE_MEMBER_IMPORT_VISIBILITY = YES;
				SWIFT_VERSION = 5.0;
				TARGETED_DEVICE_FAMILY = "1,2";
			};
			name = Release;
		};
		CC1000000000000000000031 /* Debug configuration for PBXNativeTarget "CocoaInspectord" */ = {
			isa = XCBuildConfiguration;
			buildSettings = {
				CODE_SIGN_STYLE = Automatic;
				GENERATE_INFOPLIST_FILE = YES;
				PRODUCT_BUNDLE_IDENTIFIER = wiki.qaq.cocoainspectord;
				PRODUCT_NAME = cocoainspectord;
				SKIP_INSTALL = YES;
				SWIFT_COMPILATION_MODE = singlefile;
				SWIFT_DEFAULT_ACTOR_ISOLATION = nonisolated;
				SWIFT_EMIT_LOC_STRINGS = NO;
				SWIFT_VERSION = 5.0;
			};
			name = Debug;
		};
		CC1000000000000000000032 /* Release configuration for PBXNativeTarget "CocoaInspectord" */ = {
			isa = XCBuildConfiguration;
			buildSettings = {
				CODE_SIGN_STYLE = Automatic;
				GENERATE_INFOPLIST_FILE = YES;
				PRODUCT_BUNDLE_IDENTIFIER = wiki.qaq.cocoainspectord;
				PRODUCT_NAME = cocoainspectord;
				SKIP_INSTALL = YES;
				SWIFT_COMPILATION_MODE = wholemodule;
				SWIFT_DEFAULT_ACTOR_ISOLATION = nonisolated;
				SWIFT_EMIT_LOC_STRINGS = NO;
				SWIFT_VERSION = 5.0;
			};
			name = Release;
		};
		CC2000000000000000000031 /* Debug configuration for PBXNativeTarget "CocoaInspectorCLI" */ = {
			isa = XCBuildConfiguration;
			buildSettings = {
				CODE_SIGN_STYLE = Automatic;
				GENERATE_INFOPLIST_FILE = YES;
				PRODUCT_BUNDLE_IDENTIFIER = wiki.qaq.cocoainspector.cli;
				PRODUCT_NAME = cocoainspector;
				SKIP_INSTALL = YES;
				SWIFT_COMPILATION_MODE = singlefile;
				SWIFT_DEFAULT_ACTOR_ISOLATION = nonisolated;
				SWIFT_EMIT_LOC_STRINGS = NO;
				SWIFT_VERSION = 5.0;
			};
			name = Debug;
		};
		CC2000000000000000000032 /* Release configuration for PBXNativeTarget "CocoaInspectorCLI" */ = {
			isa = XCBuildConfiguration;
			buildSettings = {
				CODE_SIGN_STYLE = Automatic;
				GENERATE_INFOPLIST_FILE = YES;
				PRODUCT_BUNDLE_IDENTIFIER = wiki.qaq.cocoainspector.cli;
				PRODUCT_NAME = cocoainspector;
				SKIP_INSTALL = YES;
				SWIFT_COMPILATION_MODE = wholemodule;
				SWIFT_DEFAULT_ACTOR_ISOLATION = nonisolated;
				SWIFT_EMIT_LOC_STRINGS = NO;
				SWIFT_VERSION = 5.0;
			};
			name = Release;
		};
/* End XCBuildConfiguration section */

/* Begin XCConfigurationList section */
		50713A3F301FB35F00394FF6 /* Build configuration list for PBXProject "Inspector" */ = {
			isa = XCConfigurationList;
			buildConfigurations = (
				50713A4D301FB36000394FF6 /* Debug configuration for PBXProject "Inspector" */,
				50713A4E301FB36000394FF6 /* Release configuration for PBXProject "Inspector" */,
			);
			defaultConfigurationName = Release;
		};
		50713A4F301FB36000394FF6 /* Build configuration list for PBXNativeTarget "Inspector" */ = {
			isa = XCConfigurationList;
			buildConfigurations = (
				50713A50301FB36000394FF6 /* Debug configuration for PBXNativeTarget "Inspector" */,
				50713A51301FB36000394FF6 /* Release configuration for PBXNativeTarget "Inspector" */,
			);
			defaultConfigurationName = Release;
		};
		CC1000000000000000000030 /* Build configuration list for PBXNativeTarget "CocoaInspectord" */ = {
			isa = XCConfigurationList;
			buildConfigurations = (
				CC1000000000000000000031 /* Debug configuration for PBXNativeTarget "CocoaInspectord" */,
				CC1000000000000000000032 /* Release configuration for PBXNativeTarget "CocoaInspectord" */,
			);
			defaultConfigurationName = Release;
		};
		CC2000000000000000000030 /* Build configuration list for PBXNativeTarget "CocoaInspectorCLI" */ = {
			isa = XCConfigurationList;
			buildConfigurations = (
				CC2000000000000000000031 /* Debug configuration for PBXNativeTarget "CocoaInspectorCLI" */,
				CC2000000000000000000032 /* Release configuration for PBXNativeTarget "CocoaInspectorCLI" */,
			);
			defaultConfigurationName = Release;
		};
/* End XCConfigurationList section */

/* Begin XCRemoteSwiftPackageReference section */
		CC2000000000000000000042 /* XCRemoteSwiftPackageReference "swift-argument-parser" */ = {
			isa = XCRemoteSwiftPackageReference;
			repositoryURL = "https://github.com/apple/swift-argument-parser";
			requirement = {
				kind = upToNextMajorVersion;
				minimumVersion = 1.7.0;
			};
		};
/* End XCRemoteSwiftPackageReference section */

/* Begin XCSwiftPackageProductDependency section */
		CC2000000000000000000041 /* ArgumentParser */ = {
			isa = XCSwiftPackageProductDependency;
			package = CC2000000000000000000042 /* XCRemoteSwiftPackageReference "swift-argument-parser" */;
			productName = ArgumentParser;
		};
/* End XCSwiftPackageProductDependency section */
	};
	rootObject = 50713A3C301FB35F00394FF6 /* Project object */;
	validationLevel = 1;
}
